
Microsoft Visual Studio Solution File, Format Version 12.00
# Visual Studio Version 16
VisualStudioVersion = 16.0.30517.126
MinimumVisualStudioVersion = 10.0.40219.1
Project("{8BC9CEB8-8B4A-11D0-8D11-00A0C91BC942}") = "cinema_seats", "cinema_seats.vcxproj", "{87C6ED55-2C57-49B9-B690-99B21B950D1A}"
EndProject
Global
	GlobalSection(SolutionConfigurationPlatforms) = preSolution
		Debug|x64 = Debug|x64
		Debug|x86 = Debug|x86
		Release|x64 = Release|x64
		Release|x86 = Release|x86
	EndGlobalSection
	GlobalSection(ProjectConfigurationPlatforms) = postSolution
		{87C6ED55-2C57-49B9-B690-99B21B950D1A}.Debug|x64.ActiveCfg = Debug|x64
		{87C6ED55-2C57-49B9-B690-99B21B950D1A}.Debug|x64.Build.0 = Debug|x64
		{87C6ED55-2C57-49B9-B690-99B21B950D1A}.Debug|x86.ActiveCfg = Debug|Win32
		{87C6ED55-2C57-49B9-B690-99B21B950D1A}.Debug|x86.Build.0 = Debug|Win32
		{87C6ED55-2C57-49B9-B690-99B21B950D1A}.Release|x64.ActiveCfg = Release|x64
		{87C6ED55-2C57-49B9-B690-99B21B950D1A}.Release|x64.Build.0 = Release|x64
		{87C6ED55-2C57-49B9-B690-99B21B950D1A}.Release|x86.ActiveCfg = Release|Win32
		{87C6ED55-2C57-49B9-B690-99B21B950D1A}.Release|x86.Build.0 = Release|Win32
	EndGlobalSection
	GlobalSection(SolutionProperties) = preSolution
		HideSolutionNode = FALSE
	EndGlobalSection
	GlobalSection(ExtensibilityGlobals) = postSolution
		SolutionGuid = {A66EB2E8-3620-4DD2-A718-642688D82CA1}
	EndGlobalSection
EndGlobal
